// !$*UTF8*$!
{
	archiveVersion = 1;
	classes = {
	};
	objectVersion = 46;
	objects = {

/* Begin PBXBuildFile section */
		771D791A1CBBB9FD0091823A /* AppDelegate.swift in Sources */ = {isa = PBXBuildFile; fileRef = 771D79191CBBB9FD0091823A /* AppDelegate.swift */; };
		771D791C1CBBB9FD0091823A /* ViewController.swift in Sources */ = {isa = PBXBuildFile; fileRef = 771D791B1CBBB9FD0091823A /* ViewController.swift */; };
		771D791F1CBBB9FD0091823A /* Main.storyboard in Resources */ = {isa = PBXBuildFile; fileRef = 771D791D1CBBB9FD0091823A /* Main.storyboard */; };
		771D79211CBBB9FD0091823A /* Assets.xcassets in Resources */ = {isa = PBXBuildFile; fileRef = 771D79201CBBB9FD0091823A /* Assets.xcassets */; };
		771D79241CBBB9FD0091823A /* LaunchScreen.storyboard in Resources */ = {isa = PBXBuildFile; fileRef = 771D79221CBBB9FD0091823A /* LaunchScreen.storyboard */; };
/* End PBXBuildFile section */

/* Begin PBXFileReference section */
		771D79161CBBB9FD0091823A /* Sample-FunWithCollectionView.app */ = {isa = PBXFileReference; explicitFileType = wrapper.application; includeInIndex = 0; path = "Sample-FunWithCollectionView.app"; sourceTree = BUILT_PRODUCTS_DIR; };
		771D79191CBBB9FD0091823A /* AppDelegate.swift */ = {isa = PBXFileReference; lastKnownFileType = sourcecode.swift; path = AppDelegate.swift; sourceTree = "<group>"; };
		771D791B1CBBB9FD0091823A /* ViewController.swift */ = {isa = PBXFileReference; lastKnownFileType = sourcecode.swift; path = ViewController.swift; sourceTree = "<group>"; };
		771D791E1CBBB9FD0091823A /* Base */ = {isa = PBXFileReference; lastKnownFileType = file.storyboard; name = Base; path = Base.lproj/Main.storyboard; sourceTree = "<group>"; };
		771D79201CBBB9FD0091823A /* Assets.xcassets */ = {isa = PBXFileReference; lastKnownFileType = folder.assetcatalog; path = Assets.xcassets; sourceTree = "<group>"; };
		771D79231CBBB9FD0091823A /* Base */ = {isa = PBXFileReference; lastKnownFileType = file.storyboard; name = Base; path = Base.lproj/LaunchScreen.storyboard; sourceTree = "<group>"; };
		771D79251CBBB9FD0091823A /* Info.plist */ = {isa = PBXFileReference; lastKnownFileType = text.plist.xml; path = Info.plist; sourceTree = "<group>"; };
/* End PBXFileReference section */

/* Begin PBXFrameworksBuildPhase section */
		771D79131CBBB9FD0091823A /* Frameworks */ = {
			isa = PBXFrameworksBuildPhase;
			buildActionMask = 2147483647;
			files = (
			);
			runOnlyForDeploymentPostprocessing = 0;
		};
/* End PBXFrameworksBuildPhase section */

/* Begin PBXGroup section */
		771D790D1CBBB9FD0091823A = {
			isa = PBXGroup;
			children = (
				771D79181CBBB9FD0091823A /* Sample-FunWithCollectionView */,
				771D79171CBBB9FD0091823A /* Products */,
			);
			sourceTree = "<group>";
		};
		771D79171CBBB9FD0091823A /* Products */ = {
			isa = PBXGroup;
			children = (
				771D79161CBBB9FD0091823A /* Sample-FunWithCollectionView.app */,
			);
			name = Products;
			sourceTree = "<group>";
		};
		771D79181CBBB9FD0091823A /* Sample-FunWithCollectionView */ = {
			isa = PBXGroup;
			children = (
				771D79191CBBB9FD0091823A /* AppDelegate.swift */,
				771D791B1CBBB9FD0091823A /* ViewController.swift */,
				771D791D1CBBB9FD0091823A /* Main.storyboard */,
				771D79201CBBB9FD0091823A /* Assets.xcassets */,
				771D79221CBBB9FD0091823A /* LaunchScreen.storyboard */,
				771D79251CBBB9FD0091823A /* Info.plist */,
			);
			path = "Sample-FunWithCollectionView";
			sourceTree = "<group>";
		};
/* End PBXGroup section */

/* Begin PBXNativeTarget section */
		771D79151CBBB9FD0091823A /* Sample-FunWithCollectionView */ = {
			isa = PBXNativeTarget;
			buildConfigurationList = 771D79281CBBB9FD0091823A /* Build configuration list for PBXNativeTarget "Sample-FunWithCollectionView" */;
			buildPhases = (
				771D79121CBBB9FD0091823A /* Sources */,
				771D79131CBBB9FD0091823A /* Frameworks */,
				771D79141CBBB9FD0091823A /* Resources */,
			);
			buildRules = (
			);
			dependencies = (
			);
			name = "Sample-FunWithCollectionView";
			productName = "Sample-FunWithCollectionView";
			productReference = 771D79161CBBB9FD0091823A /* Sample-FunWithCollectionView.app */;
			productType = "com.apple.product-type.application";
		};
/* End PBXNativeTarget section */

/* Begin PBXProject section */
		771D790E1CBBB9FD0091823A /* Project object */ = {
			isa = PBXProject;
			attributes = {
				LastSwiftUpdateCheck = 0730;
				LastUpgradeCheck = 0730;
				ORGANIZATIONNAME = Technophile;
				TargetAttributes = {
					771D79151CBBB9FD0091823A = {
						CreatedOnToolsVersion = 7.3;
					};
				};
			};
			buildConfigurationList = 771D79111CBBB9FD0091823A /* Build configuration list for PBXProject "Sample-FunWithCollectionView" */;
			compatibilityVersion = "Xcode 3.2";
			developmentRegion = English;
			hasScannedForEncodings = 0;
			knownRegions = (
				en,
				Base,
			);
			mainGroup = 771D790D1CBBB9FD0091823A;
			productRefGroup = 771D79171CBBB9FD0091823A /* Products */;
			projectDirPath = "";
			projectRoot = "";
			targets = (
				771D79151CBBB9FD0091823A /* Sample-FunWithCollectionView */,
			);
		};
/* End PBXProject section */

/* Begin PBXResourcesBuildPhase section */
		771D79141CBBB9FD0091823A /* Resources */ = {
			isa = PBXResourcesBuildPhase;
			buildActionMask = 2147483647;
			files = (
				771D79241CBBB9FD0091823A /* LaunchScreen.storyboard in Resources */,
				771D79211CBBB9FD0091823A /* Assets.xcassets in Resources */,
				771D791F1CBBB9FD0091823A /* Main.storyboard in Resources */,
			);
			runOnlyForDeploymentPostprocessing = 0;
		};
/* End PBXResourcesBuildPhase section */

/* Begin PBXSourcesBuildPhase section */
		771D79121CBBB9FD0091823A /* Sources */ = {
			isa = PBXSourcesBuildPhase;
			buildActionMask = 2147483647;
			files = (
				771D791C1CBBB9FD0091823A /* ViewController.swift in Sources */,
				771D791A1CBBB9FD0091823A /* AppDelegate.swift in Sources */,
			);
			runOnlyForDeploymentPostprocessing = 0;
		};
/* End PBXSourcesBuildPhase section */

/* Begin PBXVariantGroup section */
		771D791D1CBBB9FD0091823A /* Main.storyboard */ = {
			isa = PBXVariantGroup;
			children = (
				771D791E1CBBB9FD0091823A /* Base */,
			);
			name = Main.storyboard;
			sourceTree = "<group>";
		};
		771D79221CBBB9FD0091823A /* LaunchScreen.storyboard */ = {
			isa = PBXVariantGroup;
			children = (
				771D79231CBBB9FD0091823A /* Base */,
			);
			name = LaunchScreen.storyboard;
			sourceTree = "<group>";
		};
/* End PBXVariantGroup section */

/* Begin XCBuildConfiguration section */
		771D79261CBBB9FD0091823A /* Debug */ = {
			isa = XCBuildConfiguration;
			buildSettings = {
				ALWAYS_SEARCH_USER_PATHS = NO;
				CLANG_ANALYZER_NONNULL = YES;
				CLANG_CXX_LANGUAGE_STANDARD = "gnu++0x";
				CLANG_CXX_LIBRARY = "libc++";
				CLANG_ENABLE_MODULES = YES;
				CLANG_ENABLE_OBJC_ARC = YES;
				CLANG_WARN_BOOL_CONVERSION = YES;
				CLANG_WARN_CONSTANT_CONVERSION = YES;
				CLANG_WARN_DIRECT_OBJC_ISA_USAGE = YES_ERROR;
				CLANG_WARN_EMPTY_BODY = YES;
				CLANG_WARN_ENUM_CONVERSION = YES;
				CLANG_WARN_INT_CONVERSION = YES;
				CLANG_WARN_OBJC_ROOT_CLASS = YES_ERROR;
				CLANG_WARN_UNREACHABLE_CODE = YES;
				CLANG_WARN__DUPLICATE_METHOD_MATCH = YES;
				"CODE_SIGN_IDENTITY[sdk=iphoneos*]" = "iPhone Developer";
				COPY_PHASE_STRIP = NO;
				DEBUG_INFORMATION_FORMAT = dwarf;
				ENABLE_STRICT_OBJC_MSGSEND = YES;
				ENABLE_TESTABILITY = YES;
				GCC_C_LANGUAGE_STANDARD = gnu99;
				GCC_DYNAMIC_NO_PIC = NO;
				GCC_NO_COMMON_BLOCKS = YES;
				GCC_OPTIMIZATION_LEVEL = 0;
				GCC_PREPROCESSOR_DEFINITIONS = (
					"DEBUG=1",
					"$(inherited)",
				);
				GCC_WARN_64_TO_32_BIT_CONVERSION = YES;
				GCC_WARN_ABOUT_RETURN_TYPE = YES_ERROR;
				GCC_WARN_UNDECLARED_SELECTOR = YES;
				GCC_WARN_UNINITIALIZED_AUTOS = YES_AGGRESSIVE;
				GCC_WARN_UNUSED_FUNCTION = YES;
				GCC_WARN_UNUSED_VARIABLE = YES;
				IPHONEOS_DEPLOYMENT_TARGET = 9.3;
				MTL_ENABLE_DEBUG_INFO = YES;
				ONLY_ACTIVE_ARCH = YES;
				SDKROOT = iphoneos;
				SWIFT_OPTIMIZATION_LEVEL = "-Onone";
			};
			name = Debug;
		};
		771D79271CBBB9FD0091823A /* Release */ = {
			isa = XCBuildConfiguration;
			buildSettings = {
				ALWAYS_SEARCH_USER_PATHS = NO;
				CLANG_ANALYZER_NONNULL = YES;
				CLANG_CXX_LANGUAGE_STANDARD = "gnu++0x";
				CLANG_CXX_LIBRARY = "libc++";
				CLANG_ENABLE_MODULES = YES;
				CLANG_ENABLE_OBJC_ARC = YES;
				CLANG_WARN_BOOL_CONVERSION = YES;
				CLANG_WARN_CONSTANT_CONVERSION = YES;
				CLANG_WARN_DIRECT_OBJC_ISA_USAGE = YES_ERROR;
				CLANG_WARN_EMPTY_BODY = YES;
				CLANG_WARN_ENUM_CONVERSION = YES;
				CLANG_WARN_INT_CONVERSION = YES;
				CLANG_WARN_OBJC_ROOT_CLASS = YES_ERROR;
				CLANG_WARN_UNREACHABLE_CODE = YES;
				CLANG_WARN__DUPLICATE_METHOD_MATCH = YES;
				"CODE_SIGN_IDENTITY[sdk=iphoneos*]" = "iPhone Developer";
				COPY_PHASE_STRIP = NO;
				DEBUG_INFORMATION_FORMAT = "dwarf-with-dsym";
				ENABLE_NS_ASSERTIONS = NO;
				ENABLE_STRICT_OBJC_MSGSEND = YES;
				GCC_C_LANGUAGE_STANDARD = gnu99;
				GCC_NO_COMMON_BLOCKS = YES;
				GCC_WARN_64_TO_32_BIT_CONVERSION = YES;
				GCC_WARN_ABOUT_RETURN_TYPE = YES_ERROR;
				GCC_WARN_UNDECLARED_SELECTOR = YES;
				GCC_WARN_UNINITIALIZED_AUTOS = YES_AGGRESSIVE;
				GCC_WARN_UNUSED_FUNCTION = YES;
				GCC_WARN_UNUSED_VARIABLE = YES;
				IPHONEOS_DEPLOYMENT_TARGET = 9.3;
				MTL_ENABLE_DEBUG_INFO = NO;
				SDKROOT = iphoneos;
				VALIDATE_PRODUCT = YES;
			};
			name = Release;
		};
		771D79291CBBB9FD0091823A /* Debug */ = {
			isa = XCBuildConfiguration;
			buildSettings = {
				ASSETCATALOG_COMPILER_APPICON_NAME = AppIcon;
				INFOPLIST_FILE = "Sample-FunWithCollectionView/Info.plist";
				LD_RUNPATH_SEARCH_PATHS = "$(inherited) @executable_path/Frameworks";
				PRODUCT_BUNDLE_IDENTIFIER = "it.technophile.Sample-FunWithCollectionView";
				PRODUCT_NAME = "$(TARGET_NAME)";
			};
			name = Debug;
		};
		771D792A1CBBB9FD0091823A /* Release */ = {
			isa = XCBuildConfiguration;
			buildSettings = {
				ASSETCATALOG_COMPILER_APPICON_NAME = AppIcon;
				INFOPLIST_FILE = "Sample-FunWithCollectionView/Info.plist";
				LD_RUNPATH_SEARCH_PATHS = "$(inherited) @executable_path/Frameworks";
				PRODUCT_BUNDLE_IDENTIFIER = "it.technophile.Sample-FunWithCollectionView";
				PRODUCT_NAME = "$(TARGET_NAME)";
			};
			name = Release;
		};
/* End XCBuildConfiguration section */

/* Begin XCConfigurationList section */
		771D79111CBBB9FD0091823A /* Build configuration list for PBXProject "Sample-FunWithCollectionView" */ = {
			isa = XCConfigurationList;
			buildConfigurations = (
				771D79261CBBB9FD0091823A /* Debug */,
				771D79271CBBB9FD0091823A /* Release */,
			);
			defaultConfigurationIsVisible = 0;
			defaultConfigurationName = Release;
		};
		771D79281CBBB9FD0091823A /* Build configuration list for PBXNativeTarget "Sample-FunWithCollectionView" */ = {
			isa = XCConfigurationList;
			buildConfigurations = (
				771D79291CBBB9FD0091823A /* Debug */,
				771D792A1CBBB9FD0091823A /* Release */,
			);
			defaultConfigurationIsVisible = 0;
		};
/* End XCConfigurationList section */
	};
	rootObject = 771D790E1CBBB9FD0091823A /* Project object */;
}
